
Microsoft Visual Studio Solution File, Format Version 12.00
# Visual Studio Version 17
VisualStudioVersion = 17.4.33205.214
MinimumVisualStudioVersion = 10.0.40219.1
Project("{8BC9CEB8-8B4A-11D0-8D11-00A0C91BC942}") = "Problem_1_Bribing_Cows", "Problem_1_Bribing_Cows.vcxproj", "{28277F66-F3CD-4820-91F7-87ACC3F5E22E}"
EndProject
Global
	GlobalSection(SolutionConfigurationPlatforms) = preSolution
		Debug|x64 = Debug|x64
		Debug|x86 = Debug|x86
		Release|x64 = Release|x64
		Release|x86 = Release|x86
	EndGlobalSection
	GlobalSection(ProjectConfigurationPlatforms) = postSolution
		{28277F66-F3CD-4820-91F7-87ACC3F5E22E}.Debug|x64.ActiveCfg = Debug|x64
		{28277F66-F3CD-4820-91F7-87ACC3F5E22E}.Debug|x64.Build.0 = Debug|x64
		{28277F66-F3CD-4820-91F7-87ACC3F5E22E}.Debug|x86.ActiveCfg = Debug|Win32
		{28277F66-F3CD-4820-91F7-87ACC3F5E22E}.Debug|x86.Build.0 = Debug|Win32
		{28277F66-F3CD-4820-91F7-87ACC3F5E22E}.Release|x64.ActiveCfg = Release|x64
		{28277F66-F3CD-4820-91F7-87ACC3F5E22E}.Release|x64.Build.0 = Release|x64
		{28277F66-F3CD-4820-91F7-87ACC3F5E22E}.Release|x86.ActiveCfg = Release|Win32
		{28277F66-F3CD-4820-91F7-87ACC3F5E22E}.Release|x86.Build.0 = Release|Win32
	EndGlobalSection
	GlobalSection(SolutionProperties) = preSolution
		HideSolutionNode = FALSE
	EndGlobalSection
	GlobalSection(ExtensibilityGlobals) = postSolution
		SolutionGuid = {E3D88204-2B16-4F02-982E-FE8FC151BDB5}
	EndGlobalSection
EndGlobal
